
Microsoft Visual Studio Solution File, Format Version 12.00
# Visual Studio Version 17
VisualStudioVersion = 17.8.34330.188
MinimumVisualStudioVersion = 10.0.40219.1
Project("{FAE04EC0-301F-11D3-BF4B-00C04F79EFBC}") = "P01_CF", "P01_CF\P01_CF.csproj", "{F5D68C95-5F02-4419-A10F-0D93736F6663}"
EndProject
Global
	GlobalSection(SolutionConfigurationPlatforms) = preSolution
		Debug|Any CPU = Debug|Any CPU
		Release|Any CPU = Release|Any CPU
	EndGlobalSection
	GlobalSection(ProjectConfigurationPlatforms) = postSolution
		{F5D68C95-5F02-4419-A10F-0D93736F6663}.Debug|Any CPU.ActiveCfg = Debug|Any CPU
		{F5D68C95-5F02-4419-A10F-0D93736F6663}.Debug|Any CPU.Build.0 = Debug|Any CPU
		{F5D68C95-5F02-4419-A10F-0D93736F6663}.Release|Any CPU.ActiveCfg = Release|Any CPU
		{F5D68C95-5F02-4419-A10F-0D93736F6663}.Release|Any CPU.Build.0 = Release|Any CPU
	EndGlobalSection
	GlobalSection(SolutionProperties) = preSolution
		HideSolutionNode = FALSE
	EndGlobalSection
	GlobalSection(ExtensibilityGlobals) = postSolution
		SolutionGuid = {CA132CDA-F2A6-4F3B-853B-042685E27010}
	EndGlobalSection
EndGlobal
